
Microsoft Visual Studio Solution File, Format Version 12.00
# Visual Studio Version 16
VisualStudioVersion = 16.0.28803.452
MinimumVisualStudioVersion = 10.0.40219.1
Project("{FAE04EC0-301F-11D3-BF4B-00C04F79EFBC}") = "USDA.ARS.GRIN.Web.UI.v2", "USDA.ARS.GRIN.Web.UI.v2\USDA.ARS.GRIN.Web.UI.v2.csproj", "{D03DF56D-6043-4E60-BC26-445BE1507166}"
EndProject
Project("{FAE04EC0-301F-11D3-BF4B-00C04F79EFBC}") = "USDA.ARS.GRIN.Common.DataLayer", "..\..\..\USDA.ARS.GRIN.Web\USDA.ARS.GRIN.Common.DataLayer\USDA.ARS.GRIN.Common.DataLayer.csproj", "{4D384F7B-0650-4D28-824C-963AAD902DCD}"
EndProject
Project("{FAE04EC0-301F-11D3-BF4B-00C04F79EFBC}") = "USDA.ARS.GRIN.Common.DataLayer.SqlServer", "..\..\..\USDA.ARS.GRIN.Web\USDA.ARS.GRIN.Common.DataLayer.SqlServer\USDA.ARS.GRIN.Common.DataLayer.SqlServer.csproj", "{AB887E72-BD5E-47D2-B4F9-4323CB43E607}"
EndProject
Project("{FAE04EC0-301F-11D3-BF4B-00C04F79EFBC}") = "USDA.ARS.GRIN.Common.Library", "..\..\..\USDA.ARS.GRIN.Web\USDA.ARS.GRIN.Common.Library\USDA.ARS.GRIN.Common.Library.csproj", "{79CE8EB3-0993-4B8D-A6E4-9D89CA7FE4EE}"
EndProject
Project("{FAE04EC0-301F-11D3-BF4B-00C04F79EFBC}") = "USDA.ARS.GRIN.Web.DataLayer", "USDA.ARS.GRIN.Web.DataLayer\USDA.ARS.GRIN.Web.DataLayer.csproj", "{FA2D3995-3A05-4709-9B32-CB2D821AD1C0}"
EndProject
Project("{FAE04EC0-301F-11D3-BF4B-00C04F79EFBC}") = "USDA.ARS.GRIN.Web.AppLayer", "USDA.ARS.GRIN.Web.AppLayer\USDA.ARS.GRIN.Web.AppLayer.csproj", "{4A081172-BADE-48A3-9919-202FE482F018}"
EndProject
Project("{FAE04EC0-301F-11D3-BF4B-00C04F79EFBC}") = "USDA.ARS.GRIN.Web.ViewModelLayer", "USDA.ARS.GRIN.Web.ViewModelLayer\USDA.ARS.GRIN.Web.ViewModelLayer.csproj", "{C4C97DC2-0D44-47C0-9281-FD219D8B42BC}"
EndProject
Project("{FAE04EC0-301F-11D3-BF4B-00C04F79EFBC}") = "USDA.ARS.GRIN.Web.Repository", "..\..\..\USDA.ARS.GRIN.Web\USDA.ARS.GRIN.Web.Repository\USDA.ARS.GRIN.Web.Repository.csproj", "{53BD4D9B-FFF2-45DD-BA9B-11516BCA6993}"
EndProject
Project("{FAE04EC0-301F-11D3-BF4B-00C04F79EFBC}") = "USDA.ARS.GRIN.Web.WebUI", "..\..\..\USDA.ARS.GRIN.Web\USDA.ARS.GRIN.Web.WebUI\USDA.ARS.GRIN.Web.WebUI.csproj", "{759BD5E0-82F3-4ABD-BB49-396EC40B9D3C}"
EndProject
Global
	GlobalSection(SolutionConfigurationPlatforms) = preSolution
		Debug|Any CPU = Debug|Any CPU
		Release|Any CPU = Release|Any CPU
	EndGlobalSection
	GlobalSection(ProjectConfigurationPlatforms) = postSolution
		{D03DF56D-6043-4E60-BC26-445BE1507166}.Debug|Any CPU.ActiveCfg = Debug|Any CPU
		{D03DF56D-6043-4E60-BC26-445BE1507166}.Debug|Any CPU.Build.0 = Debug|Any CPU
		{D03DF56D-6043-4E60-BC26-445BE1507166}.Release|Any CPU.ActiveCfg = Release|Any CPU
		{D03DF56D-6043-4E60-BC26-445BE1507166}.Release|Any CPU.Build.0 = Release|Any CPU
		{4D384F7B-0650-4D28-824C-963AAD902DCD}.Debug|Any CPU.ActiveCfg = Debug|Any CPU
		{4D384F7B-0650-4D28-824C-963AAD902DCD}.Debug|Any CPU.Build.0 = Debug|Any CPU
		{4D384F7B-0650-4D28-824C-963AAD902DCD}.Release|Any CPU.ActiveCfg = Release|Any CPU
		{4D384F7B-0650-4D28-824C-963AAD902DCD}.Release|Any CPU.Build.0 = Release|Any CPU
		{AB887E72-BD5E-47D2-B4F9-4323CB43E607}.Debug|Any CPU.ActiveCfg = Debug|Any CPU
		{AB887E72-BD5E-47D2-B4F9-4323CB43E607}.Debug|Any CPU.Build.0 = Debug|Any CPU
		{AB887E72-BD5E-47D2-B4F9-4323CB43E607}.Release|Any CPU.ActiveCfg = Release|Any CPU
		{AB887E72-BD5E-47D2-B4F9-4323CB43E607}.Release|Any CPU.Build.0 = Release|Any CPU
		{79CE8EB3-0993-4B8D-A6E4-9D89CA7FE4EE}.Debug|Any CPU.ActiveCfg = Debug|Any CPU
		{79CE8EB3-0993-4B8D-A6E4-9D89CA7FE4EE}.Debug|Any CPU.Build.0 = Debug|Any CPU
		{79CE8EB3-0993-4B8D-A6E4-9D89CA7FE4EE}.Release|Any CPU.ActiveCfg = Release|Any CPU
		{79CE8EB3-0993-4B8D-A6E4-9D89CA7FE4EE}.Release|Any CPU.Build.0 = Release|Any CPU
		{FA2D3995-3A05-4709-9B32-CB2D821AD1C0}.Debug|Any CPU.ActiveCfg = Debug|Any CPU
		{FA2D3995-3A05-4709-9B32-CB2D821AD1C0}.Debug|Any CPU.Build.0 = Debug|Any CPU
		{FA2D3995-3A05-4709-9B32-CB2D821AD1C0}.Release|Any CPU.ActiveCfg = Release|Any CPU
		{FA2D3995-3A05-4709-9B32-CB2D821AD1C0}.Release|Any CPU.Build.0 = Release|Any CPU
		{4A081172-BADE-48A3-9919-202FE482F018}.Debug|Any CPU.ActiveCfg = Debug|Any CPU
		{4A081172-BADE-48A3-9919-202FE482F018}.Debug|Any CPU.Build.0 = Debug|Any CPU
		{4A081172-BADE-48A3-9919-202FE482F018}.Release|Any CPU.ActiveCfg = Release|Any CPU
		{4A081172-BADE-48A3-9919-202FE482F018}.Release|Any CPU.Build.0 = Release|Any CPU
		{C4C97DC2-0D44-47C0-9281-FD219D8B42BC}.Debug|Any CPU.ActiveCfg = Debug|Any CPU
		{C4C97DC2-0D44-47C0-9281-FD219D8B42BC}.Debug|Any CPU.Build.0 = Debug|Any CPU
		{C4C97DC2-0D44-47C0-9281-FD219D8B42BC}.Release|Any CPU.ActiveCfg = Release|Any CPU
		{C4C97DC2-0D44-47C0-9281-FD219D8B42BC}.Release|Any CPU.Build.0 = Release|Any CPU
		{53BD4D9B-FFF2-45DD-BA9B-11516BCA6993}.Debug|Any CPU.ActiveCfg = Debug|Any CPU
		{53BD4D9B-FFF2-45DD-BA9B-11516BCA6993}.Debug|Any CPU.Build.0 = Debug|Any CPU
		{53BD4D9B-FFF2-45DD-BA9B-11516BCA6993}.Release|Any CPU.ActiveCfg = Release|Any CPU
		{53BD4D9B-FFF2-45DD-BA9B-11516BCA6993}.Release|Any CPU.Build.0 = Release|Any CPU
		{759BD5E0-82F3-4ABD-BB49-396EC40B9D3C}.Debug|Any CPU.ActiveCfg = Debug|Any CPU
		{759BD5E0-82F3-4ABD-BB49-396EC40B9D3C}.Debug|Any CPU.Build.0 = Debug|Any CPU
		{759BD5E0-82F3-4ABD-BB49-396EC40B9D3C}.Release|Any CPU.ActiveCfg = Release|Any CPU
		{759BD5E0-82F3-4ABD-BB49-396EC40B9D3C}.Release|Any CPU.Build.0 = Release|Any CPU
	EndGlobalSection
	GlobalSection(SolutionProperties) = preSolution
		HideSolutionNode = FALSE
	EndGlobalSection
	GlobalSection(ExtensibilityGlobals) = postSolution
		SolutionGuid = {424F4B70-F909-4ED1-A7EB-64310CBB98D7}
	EndGlobalSection
EndGlobal
